// !$*UTF8*$!
{
	archiveVersion = 1;
	classes = {
	};
	objectVersion = 56;
	objects = {

/* Begin PBXBuildFile section */
		6F08C15F2BC0B9D100CDDF71 /* Fortune_TellerApp.swift in Sources */ = {isa = PBXBuildFile; fileRef = 6F08C15E2BC0B9D100CDDF71 /* Fortune_TellerApp.swift */; };
		6F08C1612BC0B9D100CDDF71 /* ContentView.swift in Sources */ = {isa = PBXBuildFile; fileRef = 6F08C1602BC0B9D100CDDF71 /* ContentView.swift */; };
		6F08C1632BC0B9D300CDDF71 /* Assets.xcassets in Resources */ = {isa = PBXBuildFile; fileRef = 6F08C1622BC0B9D300CDDF71 /* Assets.xcassets */; };
		6F08C1662BC0B9D300CDDF71 /* Preview Assets.xcassets in Resources */ = {isa = PBXBuildFile; fileRef = 6F08C1652BC0B9D300CDDF71 /* Preview Assets.xcassets */; };
		6F08C1702BC0B9D300CDDF71 /* Fortune_TellerTests.swift in Sources */ = {isa = PBXBuildFile; fileRef = 6F08C16F2BC0B9D300CDDF71 /* Fortune_TellerTests.swift */; };
		6F08C17A2BC0B9D300CDDF71 /* Fortune_TellerUITests.swift in Sources */ = {isa = PBXBuildFile; fileRef = 6F08C1792BC0B9D300CDDF71 /* Fortune_TellerUITests.swift */; };
		6F08C17C2BC0B9D300CDDF71 /* Fortune_TellerUITestsLaunchTests.swift in Sources */ = {isa = PBXBuildFile; fileRef = 6F08C17B2BC0B9D300CDDF71 /* Fortune_TellerUITestsLaunchTests.swift */; };
/* End PBXBuildFile section */

/* Begin PBXContainerItemProxy section */
		6F08C16C2BC0B9D300CDDF71 /* PBXContainerItemProxy */ = {
			isa = PBXContainerItemProxy;
			containerPortal = 6F08C1532BC0B9D100CDDF71 /* Project object */;
			proxyType = 1;
			remoteGlobalIDString = 6F08C15A2BC0B9D100CDDF71;
			remoteInfo = "Fortune Teller";
		};
		6F08C1762BC0B9D300CDDF71 /* PBXContainerItemProxy */ = {
			isa = PBXContainerItemProxy;
			containerPortal = 6F08C1532BC0B9D100CDDF71 /* Project object */;
			proxyType = 1;
			remoteGlobalIDString = 6F08C15A2BC0B9D100CDDF71;
			remoteInfo = "Fortune Teller";
		};
/* End PBXContainerItemProxy section */

/* Begin PBXFileReference section */
		6F08C15B2BC0B9D100CDDF71 /* Fortune Teller.app */ = {isa = PBXFileReference; explicitFileType = wrapper.application; includeInIndex = 0; path = "Fortune Teller.app"; sourceTree = BUILT_PRODUCTS_DIR; };
		6F08C15E2BC0B9D100CDDF71 /* Fortune_TellerApp.swift */ = {isa = PBXFileReference; lastKnownFileType = sourcecode.swift; path = Fortune_TellerApp.swift; sourceTree = "<group>"; };
		6F08C1602BC0B9D100CDDF71 /* ContentView.swift */ = {isa = PBXFileReference; lastKnownFileType = sourcecode.swift; path = ContentView.swift; sourceTree = "<group>"; };
		6F08C1622BC0B9D300CDDF71 /* Assets.xcassets */ = {isa = PBXFileReference; lastKnownFileType = folder.assetcatalog; path = Assets.xcassets; sourceTree = "<group>"; };
		6F08C1652BC0B9D300CDDF71 /* Preview Assets.xcassets */ = {isa = PBXFileReference; lastKnownFileType = folder.assetcatalog; path = "Preview Assets.xcassets"; sourceTree = "<group>"; };
		6F08C16B2BC0B9D300CDDF71 /* Fortune TellerTests.xctest */ = {isa = PBXFileReference; explicitFileType = wrapper.cfbundle; includeInIndex = 0; path = "Fortune TellerTests.xctest"; sourceTree = BUILT_PRODUCTS_DIR; };
		6F08C16F2BC0B9D300CDDF71 /* Fortune_TellerTests.swift */ = {isa = PBXFileReference; lastKnownFileType = sourcecode.swift; path = Fortune_TellerTests.swift; sourceTree = "<group>"; };
		6F08C1752BC0B9D300CDDF71 /* Fortune TellerUITests.xctest */ = {isa = PBXFileReference; explicitFileType = wrapper.cfbundle; includeInIndex = 0; path = "Fortune TellerUITests.xctest"; sourceTree = BUILT_PRODUCTS_DIR; };
		6F08C1792BC0B9D300CDDF71 /* Fortune_TellerUITests.swift */ = {isa = PBXFileReference; lastKnownFileType = sourcecode.swift; path = Fortune_TellerUITests.swift; sourceTree = "<group>"; };
		6F08C17B2BC0B9D300CDDF71 /* Fortune_TellerUITestsLaunchTests.swift */ = {isa = PBXFileReference; lastKnownFileType = sourcecode.swift; path = Fortune_TellerUITestsLaunchTests.swift; sourceTree = "<group>"; };
/* End PBXFileReference section */

/* Begin PBXFrameworksBuildPhase section */
		6F08C1582BC0B9D100CDDF71 /* Frameworks */ = {
			isa = PBXFrameworksBuildPhase;
			buildActionMask = 2147483647;
			files = (
			);
			runOnlyForDeploymentPostprocessing = 0;
		};
		6F08C1682BC0B9D300CDDF71 /* Frameworks */ = {
			isa = PBXFrameworksBuildPhase;
			buildActionMask = 2147483647;
			files = (
			);
			runOnlyForDeploymentPostprocessing = 0;
		};
		6F08C1722BC0B9D300CDDF71 /* Frameworks */ = {
			isa = PBXFrameworksBuildPhase;
			buildActionMask = 2147483647;
			files = (
			);
			runOnlyForDeploymentPostprocessing = 0;
		};
/* End PBXFrameworksBuildPhase section */

/* Begin PBXGroup section */
		6F08C1522BC0B9D100CDDF71 = {
			isa = PBXGroup;
			children = (
				6F08C15D2BC0B9D100CDDF71 /* Fortune Teller */,
				6F08C16E2BC0B9D300CDDF71 /* Fortune TellerTests */,
				6F08C1782BC0B9D300CDDF71 /* Fortune TellerUITests */,
				6F08C15C2BC0B9D100CDDF71 /* Products */,
			);
			sourceTree = "<group>";
		};
		6F08C15C2BC0B9D100CDDF71 /* Products */ = {
			isa = PBXGroup;
			children = (
				6F08C15B2BC0B9D100CDDF71 /* Fortune Teller.app */,
				6F08C16B2BC0B9D300CDDF71 /* Fortune TellerTests.xctest */,
				6F08C1752BC0B9D300CDDF71 /* Fortune TellerUITests.xctest */,
			);
			name = Products;
			sourceTree = "<group>";
		};
		6F08C15D2BC0B9D100CDDF71 /* Fortune Teller */ = {
			isa = PBXGroup;
			children = (
				6F08C15E2BC0B9D100CDDF71 /* Fortune_TellerApp.swift */,
				6F08C1602BC0B9D100CDDF71 /* ContentView.swift */,
				6F08C1622BC0B9D300CDDF71 /* Assets.xcassets */,
				6F08C1642BC0B9D300CDDF71 /* Preview Content */,
			);
			path = "Fortune Teller";
			sourceTree = "<group>";
		};
		6F08C1642BC0B9D300CDDF71 /* Preview Content */ = {
			isa = PBXGroup;
			children = (
				6F08C1652BC0B9D300CDDF71 /* Preview Assets.xcassets */,
			);
			path = "Preview Content";
			sourceTree = "<group>";
		};
		6F08C16E2BC0B9D300CDDF71 /* Fortune TellerTests */ = {
			isa = PBXGroup;
			children = (
				6F08C16F2BC0B9D300CDDF71 /* Fortune_TellerTests.swift */,
			);
			path = "Fortune TellerTests";
			sourceTree = "<group>";
		};
		6F08C1782BC0B9D300CDDF71 /* Fortune TellerUITests */ = {
			isa = PBXGroup;
			children = (
				6F08C1792BC0B9D300CDDF71 /* Fortune_TellerUITests.swift */,
				6F08C17B2BC0B9D300CDDF71 /* Fortune_TellerUITestsLaunchTests.swift */,
			);
			path = "Fortune TellerUITests";
			sourceTree = "<group>";
		};
/* End PBXGroup section */

/* Begin PBXNativeTarget section */
		6F08C15A2BC0B9D100CDDF71 /* Fortune Teller */ = {
			isa = PBXNativeTarget;
			buildConfigurationList = 6F08C17F2BC0B9D300CDDF71 /* Build configuration list for PBXNativeTarget "Fortune Teller" */;
			buildPhases = (
				6F08C1572BC0B9D100CDDF71 /* Sources */,
				6F08C1582BC0B9D100CDDF71 /* Frameworks */,
				6F08C1592BC0B9D100CDDF71 /* Resources */,
			);
			buildRules = (
			);
			dependencies = (
			);
			name = "Fortune Teller";
			productName = "Fortune Teller";
			productReference = 6F08C15B2BC0B9D100CDDF71 /* Fortune Teller.app */;
			productType = "com.apple.product-type.application";
		};
		6F08C16A2BC0B9D300CDDF71 /* Fortune TellerTests */ = {
			isa = PBXNativeTarget;
			buildConfigurationList = 6F08C1822BC0B9D300CDDF71 /* Build configuration list for PBXNativeTarget "Fortune TellerTests" */;
			buildPhases = (
				6F08C1672BC0B9D300CDDF71 /* Sources */,
				6F08C1682BC0B9D300CDDF71 /* Frameworks */,
				6F08C1692BC0B9D300CDDF71 /* Resources */,
			);
			buildRules = (
			);
			dependencies = (
				6F08C16D2BC0B9D300CDDF71 /* PBXTargetDependency */,
			);
			name = "Fortune TellerTests";
			productName = "Fortune TellerTests";
			productReference = 6F08C16B2BC0B9D300CDDF71 /* Fortune TellerTests.xctest */;
			productType = "com.apple.product-type.bundle.unit-test";
		};
		6F08C1742BC0B9D300CDDF71 /* Fortune TellerUITests */ = {
			isa = PBXNativeTarget;
			buildConfigurationList = 6F08C1852BC0B9D300CDDF71 /* Build configuration list for PBXNativeTarget "Fortune TellerUITests" */;
			buildPhases = (
				6F08C1712BC0B9D300CDDF71 /* Sources */,
				6F08C1722BC0B9D300CDDF71 /* Frameworks */,
				6F08C1732BC0B9D300CDDF71 /* Resources */,
			);
			buildRules = (
			);
			dependencies = (
				6F08C1772BC0B9D300CDDF71 /* PBXTargetDependency */,
			);
			name = "Fortune TellerUITests";
			productName = "Fortune TellerUITests";
			productReference = 6F08C1752BC0B9D300CDDF71 /* Fortune TellerUITests.xctest */;
			productType = "com.apple.product-type.bundle.ui-testing";
		};
/* End PBXNativeTarget section */

/* Begin PBXProject section */
		6F08C1532BC0B9D100CDDF71 /* Project object */ = {
			isa = PBXProject;
			attributes = {
				BuildIndependentTargetsInParallel = 1;
				LastSwiftUpdateCheck = 1530;
				LastUpgradeCheck = 1530;
				TargetAttributes = {
					6F08C15A2BC0B9D100CDDF71 = {
						CreatedOnToolsVersion = 15.3;
					};
					6F08C16A2BC0B9D300CDDF71 = {
						CreatedOnToolsVersion = 15.3;
						TestTargetID = 6F08C15A2BC0B9D100CDDF71;
					};
					6F08C1742BC0B9D300CDDF71 = {
						CreatedOnToolsVersion = 15.3;
						TestTargetID = 6F08C15A2BC0B9D100CDDF71;
					};
				};
			};
			buildConfigurationList = 6F08C1562BC0B9D100CDDF71 /* Build configuration list for PBXProject "Fortune Teller" */;
			compatibilityVersion = "Xcode 14.0";
			developmentRegion = en;
			hasScannedForEncodings = 0;
			knownRegions = (
				en,
				Base,
			);
			mainGroup = 6F08C1522BC0B9D100CDDF71;
			productRefGroup = 6F08C15C2BC0B9D100CDDF71 /* Products */;
			projectDirPath = "";
			projectRoot = "";
			targets = (
				6F08C15A2BC0B9D100CDDF71 /* Fortune Teller */,
				6F08C16A2BC0B9D300CDDF71 /* Fortune TellerTests */,
				6F08C1742BC0B9D300CDDF71 /* Fortune TellerUITests */,
			);
		};
/* End PBXProject section */

/* Begin PBXResourcesBuildPhase section */
		6F08C1592BC0B9D100CDDF71 /* Resources */ = {
			isa = PBXResourcesBuildPhase;
			buildActionMask = 2147483647;
			files = (
				6F08C1662BC0B9D300CDDF71 /* Preview Assets.xcassets in Resources */,
				6F08C1632BC0B9D300CDDF71 /* Assets.xcassets in Resources */,
			);
			runOnlyForDeploymentPostprocessing = 0;
		};
		6F08C1692BC0B9D300CDDF71 /* Resources */ = {
			isa = PBXResourcesBuildPhase;
			buildActionMask = 2147483647;
			files = (
			);
			runOnlyForDeploymentPostprocessing = 0;
		};
		6F08C1732BC0B9D300CDDF71 /* Resources */ = {
			isa = PBXResourcesBuildPhase;
			buildActionMask = 2147483647;
			files = (
			);
			runOnlyForDeploymentPostprocessing = 0;
		};
/* End PBXResourcesBuildPhase section */

/* Begin PBXSourcesBuildPhase section */
		6F08C1572BC0B9D100CDDF71 /* Sources */ = {
			isa = PBXSourcesBuildPhase;
			buildActionMask = 2147483647;
			files = (
				6F08C1612BC0B9D100CDDF71 /* ContentView.swift in Sources */,
				6F08C15F2BC0B9D100CDDF71 /* Fortune_TellerApp.swift in Sources */,
			);
			runOnlyForDeploymentPostprocessing = 0;
		};
		6F08C1672BC0B9D300CDDF71 /* Sources */ = {
			isa = PBXSourcesBuildPhase;
			buildActionMask = 2147483647;
			files = (
				6F08C1702BC0B9D300CDDF71 /* Fortune_TellerTests.swift in Sources */,
			);
			runOnlyForDeploymentPostprocessing = 0;
		};
		6F08C1712BC0B9D300CDDF71 /* Sources */ = {
			isa = PBXSourcesBuildPhase;
			buildActionMask = 2147483647;
			files = (
				6F08C17C2BC0B9D300CDDF71 /* Fortune_TellerUITestsLaunchTests.swift in Sources */,
				6F08C17A2BC0B9D300CDDF71 /* Fortune_TellerUITests.swift in Sources */,
			);
			runOnlyForDeploymentPostprocessing = 0;
		};
/* End PBXSourcesBuildPhase section */

/* Begin PBXTargetDependency section */
		6F08C16D2BC0B9D300CDDF71 /* PBXTargetDependency */ = {
			isa = PBXTargetDependency;
			target = 6F08C15A2BC0B9D100CDDF71 /* Fortune Teller */;
			targetProxy = 6F08C16C2BC0B9D300CDDF71 /* PBXContainerItemProxy */;
		};
		6F08C1772BC0B9D300CDDF71 /* PBXTargetDependency */ = {
			isa = PBXTargetDependency;
			target = 6F08C15A2BC0B9D100CDDF71 /* Fortune Teller */;
			targetProxy = 6F08C1762BC0B9D300CDDF71 /* PBXContainerItemProxy */;
		};
/* End PBXTargetDependency section */

/* Begin XCBuildConfiguration section */
		6F08C17D2BC0B9D300CDDF71 /* Debug */ = {
			isa = XCBuildConfiguration;
			buildSettings = {
				ALWAYS_SEARCH_USER_PATHS = NO;
				ASSETCATALOG_COMPILER_GENERATE_SWIFT_ASSET_SYMBOL_EXTENSIONS = YES;
				CLANG_ANALYZER_NONNULL = YES;
				CLANG_ANALYZER_NUMBER_OBJECT_CONVERSION = YES_AGGRESSIVE;
				CLANG_CXX_LANGUAGE_STANDARD = "gnu++20";
				CLANG_ENABLE_MODULES = YES;
				CLANG_ENABLE_OBJC_ARC = YES;
				CLANG_ENABLE_OBJC_WEAK = YES;
				CLANG_WARN_BLOCK_CAPTURE_AUTORELEASING = YES;
				CLANG_WARN_BOOL_CONVERSION = YES;
				CLANG_WARN_COMMA = YES;
				CLANG_WARN_CONSTANT_CONVERSION = YES;
				CLANG_WARN_DEPRECATED_OBJC_IMPLEMENTATIONS = YES;
				CLANG_WARN_DIRECT_OBJC_ISA_USAGE = YES_ERROR;
				CLANG_WARN_DOCUMENTATION_COMMENTS = YES;
				CLANG_WARN_EMPTY_BODY = YES;
				CLANG_WARN_ENUM_CONVERSION = YES;
				CLANG_WARN_INFINITE_RECURSION = YES;
				CLANG_WARN_INT_CONVERSION = YES;
				CLANG_WARN_NON_LITERAL_NULL_CONVERSION = YES;
				CLANG_WARN_OBJC_IMPLICIT_RETAIN_SELF = YES;
				CLANG_WARN_OBJC_LITERAL_CONVERSION = YES;
				CLANG_WARN_OBJC_ROOT_CLASS = YES_ERROR;
				CLANG_WARN_QUOTED_INCLUDE_IN_FRAMEWORK_HEADER = YES;
				CLANG_WARN_RANGE_LOOP_ANALYSIS = YES;
				CLANG_WARN_STRICT_PROTOTYPES = YES;
				CLANG_WARN_SUSPICIOUS_MOVE = YES;
				CLANG_WARN_UNGUARDED_AVAILABILITY = YES_AGGRESSIVE;
				CLANG_WARN_UNREACHABLE_CODE = YES;
				CLANG_WARN__DUPLICATE_METHOD_MATCH = YES;
				COPY_PHASE_STRIP = NO;
				DEBUG_INFORMATION_FORMAT = dwarf;
				ENABLE_STRICT_OBJC_MSGSEND = YES;
				ENABLE_TESTABILITY = YES;
				ENABLE_USER_SCRIPT_SANDBOXING = YES;
				GCC_C_LANGUAGE_STANDARD = gnu17;
				GCC_DYNAMIC_NO_PIC = NO;
				GCC_NO_COMMON_BLOCKS = YES;
				GCC_OPTIMIZATION_LEVEL = 0;
				GCC_PREPROCESSOR_DEFINITIONS = (
					"DEBUG=1",
					"$(inherited)",
				);
				GCC_WARN_64_TO_32_BIT_CONVERSION = YES;
				GCC_WARN_ABOUT_RETURN_TYPE = YES_ERROR;
				GCC_WARN_UNDECLARED_SELECTOR = YES;
				GCC_WARN_UNINITIALIZED_AUTOS = YES_AGGRESSIVE;
				GCC_WARN_UNUSED_FUNCTION = YES;
				GCC_WARN_UNUSED_VARIABLE = YES;
				IPHONEOS_DEPLOYMENT_TARGET = 17.4;
				LOCALIZATION_PREFERS_STRING_CATALOGS = YES;
				MTL_ENABLE_DEBUG_INFO = INCLUDE_SOURCE;
				MTL_FAST_MATH = YES;
				ONLY_ACTIVE_ARCH = YES;
				SDKROOT = iphoneos;
				SWIFT_ACTIVE_COMPILATION_CONDITIONS = "DEBUG $(inherited)";
				SWIFT_OPTIMIZATION_LEVEL = "-Onone";
			};
			name = Debug;
		};
		6F08C17E2BC0B9D300CDDF71 /* Release */ = {
			isa = XCBuildConfiguration;
			buildSettings = {
				ALWAYS_SEARCH_USER_PATHS = NO;
				ASSETCATALOG_COMPILER_GENERATE_SWIFT_ASSET_SYMBOL_EXTENSIONS = YES;
				CLANG_ANALYZER_NONNULL = YES;
				CLANG_ANALYZER_NUMBER_OBJECT_CONVERSION = YES_AGGRESSIVE;
				CLANG_CXX_LANGUAGE_STANDARD = "gnu++20";
				CLANG_ENABLE_MODULES = YES;
				CLANG_ENABLE_OBJC_ARC = YES;
				CLANG_ENABLE_OBJC_WEAK = YES;
				CLANG_WARN_BLOCK_CAPTURE_AUTORELEASING = YES;
				CLANG_WARN_BOOL_CONVERSION = YES;
				CLANG_WARN_COMMA = YES;
				CLANG_WARN_CONSTANT_CONVERSION = YES;
				CLANG_WARN_DEPRECATED_OBJC_IMPLEMENTATIONS = YES;
				CLANG_WARN_DIRECT_OBJC_ISA_USAGE = YES_ERROR;
				CLANG_WARN_DOCUMENTATION_COMMENTS = YES;
				CLANG_WARN_EMPTY_BODY = YES;
				CLANG_WARN_ENUM_CONVERSION = YES;
				CLANG_WARN_INFINITE_RECURSION = YES;
				CLANG_WARN_INT_CONVERSION = YES;
				CLANG_WARN_NON_LITERAL_NULL_CONVERSION = YES;
				CLANG_WARN_OBJC_IMPLICIT_RETAIN_SELF = YES;
				CLANG_WARN_OBJC_LITERAL_CONVERSION = YES;
				CLANG_WARN_OBJC_ROOT_CLASS = YES_ERROR;
				CLANG_WARN_QUOTED_INCLUDE_IN_FRAMEWORK_HEADER = YES;
				CLANG_WARN_RANGE_LOOP_ANALYSIS = YES;
				CLANG_WARN_STRICT_PROTOTYPES = YES;
				CLANG_WARN_SUSPICIOUS_MOVE = YES;
				CLANG_WARN_UNGUARDED_AVAILABILITY = YES_AGGRESSIVE;
				CLANG_WARN_UNREACHABLE_CODE = YES;
				CLANG_WARN__DUPLICATE_METHOD_MATCH = YES;
				COPY_PHASE_STRIP = NO;
				DEBUG_INFORMATION_FORMAT = "dwarf-with-dsym";
				ENABLE_NS_ASSERTIONS = NO;
				ENABLE_STRICT_OBJC_MSGSEND = YES;
				ENABLE_USER_SCRIPT_SANDBOXING = YES;
				GCC_C_LANGUAGE_STANDARD = gnu17;
				GCC_NO_COMMON_BLOCKS = YES;
				GCC_WARN_64_TO_32_BIT_CONVERSION = YES;
				GCC_WARN_ABOUT_RETURN_TYPE = YES_ERROR;
				GCC_WARN_UNDECLARED_SELECTOR = YES;
				GCC_WARN_UNINITIALIZED_AUTOS = YES_AGGRESSIVE;
				GCC_WARN_UNUSED_FUNCTION = YES;
				GCC_WARN_UNUSED_VARIABLE = YES;
				IPHONEOS_DEPLOYMENT_TARGET = 17.4;
				LOCALIZATION_PREFERS_STRING_CATALOGS = YES;
				MTL_ENABLE_DEBUG_INFO = NO;
				MTL_FAST_MATH = YES;
				SDKROOT = iphoneos;
				SWIFT_COMPILATION_MODE = wholemodule;
				VALIDATE_PRODUCT = YES;
			};
			name = Release;
		};
		6F08C1802BC0B9D300CDDF71 /* Debug */ = {
			isa = XCBuildConfiguration;
			buildSettings = {
				ASSETCATALOG_COMPILER_APPICON_NAME = AppIcon;
				ASSETCATALOG_COMPILER_GLOBAL_ACCENT_COLOR_NAME = AccentColor;
				CODE_SIGN_STYLE = Automatic;
				CURRENT_PROJECT_VERSION = 1;
				DEVELOPMENT_ASSET_PATHS = "\"Fortune Teller/Preview Content\"";
				ENABLE_PREVIEWS = YES;
				GENERATE_INFOPLIST_FILE = YES;
				INFOPLIST_KEY_UIApplicationSceneManifest_Generation = YES;
				INFOPLIST_KEY_UIApplicationSupportsIndirectInputEvents = YES;
				INFOPLIST_KEY_UILaunchScreen_Generation = YES;
				INFOPLIST_KEY_UISupportedInterfaceOrientations_iPad = "UIInterfaceOrientationPortrait UIInterfaceOrientationPortraitUpsideDown UIInterfaceOrientationLandscapeLeft UIInterfaceOrientationLandscapeRight";
				INFOPLIST_KEY_UISupportedInterfaceOrientations_iPhone = "UIInterfaceOrientationPortrait UIInterfaceOrientationLandscapeLeft UIInterfaceOrientationLandscapeRight";
				LD_RUNPATH_SEARCH_PATHS = (
					"$(inherited)",
					"@executable_path/Frameworks",
				);
				MARKETING_VERSION = 1.0;
				PRODUCT_BUNDLE_IDENTIFIER = "FT.Fortune-Teller";
				PRODUCT_NAME = "$(TARGET_NAME)";
				SWIFT_EMIT_LOC_STRINGS = YES;
				SWIFT_VERSION = 5.0;
				TARGETED_DEVICE_FAMILY = "1,2";
			};
			name = Debug;
		};
		6F08C1812BC0B9D300CDDF71 /* Release */ = {
			isa = XCBuildConfiguration;
			buildSettings = {
				ASSETCATALOG_COMPILER_APPICON_NAME = AppIcon;
				ASSETCATALOG_COMPILER_GLOBAL_ACCENT_COLOR_NAME = AccentColor;
				CODE_SIGN_STYLE = Automatic;
				CURRENT_PROJECT_VERSION = 1;
				DEVELOPMENT_ASSET_PATHS = "\"Fortune Teller/Preview Content\"";
				ENABLE_PREVIEWS = YES;
				GENERATE_INFOPLIST_FILE = YES;
				INFOPLIST_KEY_UIApplicationSceneManifest_Generation = YES;
				INFOPLIST_KEY_UIApplicationSupportsIndirectInputEvents = YES;
				INFOPLIST_KEY_UILaunchScreen_Generation = YES;
				INFOPLIST_KEY_UISupportedInterfaceOrientations_iPad = "UIInterfaceOrientationPortrait UIInterfaceOrientationPortraitUpsideDown UIInterfaceOrientationLandscapeLeft UIInterfaceOrientationLandscapeRight";
				INFOPLIST_KEY_UISupportedInterfaceOrientations_iPhone = "UIInterfaceOrientationPortrait UIInterfaceOrientationLandscapeLeft UIInterfaceOrientationLandscapeRight";
				LD_RUNPATH_SEARCH_PATHS = (
					"$(inherited)",
					"@executable_path/Frameworks",
				);
				MARKETING_VERSION = 1.0;
				PRODUCT_BUNDLE_IDENTIFIER = "FT.Fortune-Teller";
				PRODUCT_NAME = "$(TARGET_NAME)";
				SWIFT_EMIT_LOC_STRINGS = YES;
				SWIFT_VERSION = 5.0;
				TARGETED_DEVICE_FAMILY = "1,2";
			};
			name = Release;
		};
		6F08C1832BC0B9D300CDDF71 /* Debug */ = {
			isa = XCBuildConfiguration;
			buildSettings = {
				ALWAYS_EMBED_SWIFT_STANDARD_LIBRARIES = YES;
				BUNDLE_LOADER = "$(TEST_HOST)";
				CODE_SIGN_STYLE = Automatic;
				CURRENT_PROJECT_VERSION = 1;
				GENERATE_INFOPLIST_FILE = YES;
				IPHONEOS_DEPLOYMENT_TARGET = 17.4;
				MARKETING_VERSION = 1.0;
				PRODUCT_BUNDLE_IDENTIFIER = "FT.Fortune-TellerTests";
				PRODUCT_NAME = "$(TARGET_NAME)";
				SWIFT_EMIT_LOC_STRINGS = NO;
				SWIFT_VERSION = 5.0;
				TARGETED_DEVICE_FAMILY = "1,2";
				TEST_HOST = "$(BUILT_PRODUCTS_DIR)/Fortune Teller.app/$(BUNDLE_EXECUTABLE_FOLDER_PATH)/Fortune Teller";
			};
			name = Debug;
		};
		6F08C1842BC0B9D300CDDF71 /* Release */ = {
			isa = XCBuildConfiguration;
			buildSettings = {
				ALWAYS_EMBED_SWIFT_STANDARD_LIBRARIES = YES;
				BUNDLE_LOADER = "$(TEST_HOST)";
				CODE_SIGN_STYLE = Automatic;
				CURRENT_PROJECT_VERSION = 1;
				GENERATE_INFOPLIST_FILE = YES;
				IPHONEOS_DEPLOYMENT_TARGET = 17.4;
				MARKETING_VERSION = 1.0;
				PRODUCT_BUNDLE_IDENTIFIER = "FT.Fortune-TellerTests";
				PRODUCT_NAME = "$(TARGET_NAME)";
				SWIFT_EMIT_LOC_STRINGS = NO;
				SWIFT_VERSION = 5.0;
				TARGETED_DEVICE_FAMILY = "1,2";
				TEST_HOST = "$(BUILT_PRODUCTS_DIR)/Fortune Teller.app/$(BUNDLE_EXECUTABLE_FOLDER_PATH)/Fortune Teller";
			};
			name = Release;
		};
		6F08C1862BC0B9D300CDDF71 /* Debug */ = {
			isa = XCBuildConfiguration;
			buildSettings = {
				ALWAYS_EMBED_SWIFT_STANDARD_LIBRARIES = YES;
				CODE_SIGN_STYLE = Automatic;
				CURRENT_PROJECT_VERSION = 1;
				GENERATE_INFOPLIST_FILE = YES;
				MARKETING_VERSION = 1.0;
				PRODUCT_BUNDLE_IDENTIFIER = "FT.Fortune-TellerUITests";
				PRODUCT_NAME = "$(TARGET_NAME)";
				SWIFT_EMIT_LOC_STRINGS = NO;
				SWIFT_VERSION = 5.0;
				TARGETED_DEVICE_FAMILY = "1,2";
				TEST_TARGET_NAME = "Fortune Teller";
			};
			name = Debug;
		};
		6F08C1872BC0B9D300CDDF71 /* Release */ = {
			isa = XCBuildConfiguration;
			buildSettings = {
				ALWAYS_EMBED_SWIFT_STANDARD_LIBRARIES = YES;
				CODE_SIGN_STYLE = Automatic;
				CURRENT_PROJECT_VERSION = 1;
				GENERATE_INFOPLIST_FILE = YES;
				MARKETING_VERSION = 1.0;
				PRODUCT_BUNDLE_IDENTIFIER = "FT.Fortune-TellerUITests";
				PRODUCT_NAME = "$(TARGET_NAME)";
				SWIFT_EMIT_LOC_STRINGS = NO;
				SWIFT_VERSION = 5.0;
				TARGETED_DEVICE_FAMILY = "1,2";
				TEST_TARGET_NAME = "Fortune Teller";
			};
			name = Release;
		};
/* End XCBuildConfiguration section */

/* Begin XCConfigurationList section */
		6F08C1562BC0B9D100CDDF71 /* Build configuration list for PBXProject "Fortune Teller" */ = {
			isa = XCConfigurationList;
			buildConfigurations = (
				6F08C17D2BC0B9D300CDDF71 /* Debug */,
				6F08C17E2BC0B9D300CDDF71 /* Release */,
			);
			defaultConfigurationIsVisible = 0;
			defaultConfigurationName = Release;
		};
		6F08C17F2BC0B9D300CDDF71 /* Build configuration list for PBXNativeTarget "Fortune Teller" */ = {
			isa = XCConfigurationList;
			buildConfigurations = (
				6F08C1802BC0B9D300CDDF71 /* Debug */,
				6F08C1812BC0B9D300CDDF71 /* Release */,
			);
			defaultConfigurationIsVisible = 0;
			defaultConfigurationName = Release;
		};
		6F08C1822BC0B9D300CDDF71 /* Build configuration list for PBXNativeTarget "Fortune TellerTests" */ = {
			isa = XCConfigurationList;
			buildConfigurations = (
				6F08C1832BC0B9D300CDDF71 /* Debug */,
				6F08C1842BC0B9D300CDDF71 /* Release */,
			);
			defaultConfigurationIsVisible = 0;
			defaultConfigurationName = Release;
		};
		6F08C1852BC0B9D300CDDF71 /* Build configuration list for PBXNativeTarget "Fortune TellerUITests" */ = {
			isa = XCConfigurationList;
			buildConfigurations = (
				6F08C1862BC0B9D300CDDF71 /* Debug */,
				6F08C1872BC0B9D300CDDF71 /* Release */,
			);
			defaultConfigurationIsVisible = 0;
			defaultConfigurationName = Release;
		};
/* End XCConfigurationList section */
	};
	rootObject = 6F08C1532BC0B9D100CDDF71 /* Project object */;
}
